PODS:
  - ChartboostCoreSDK (1.0.0)
  - ChartboostMediationSDK (5.3.0):
    - ChartboostCoreSDK (~> 1.0)
  - ChartboostSDK (9.9.3)
  - FBAudienceNetwork (6.20.1)
  - Google-Mobile-Ads-SDK (12.11.0):
    - GoogleUserMessagingPlatform (>= 1.1)
  - GoogleMobileAdsMediationChartboost (9.9.3.0):
    - ChartboostSDK (= 9.9.3)
    - Google-Mobile-Ads-SDK (~> 12.0)
  - GoogleMobileAdsMediationFacebook (6.20.1.0):
    - FBAudienceNetwork (= 6.20.1)
    - Google-Mobile-Ads-SDK (~> 12.0)
  - GoogleMobileAdsMediationInMobi (10.8.6.0):
    - Google-Mobile-Ads-SDK (~> 12.0)
    - InMobiSDK (= 10.8.6)
  - GoogleMobileAdsMediationIronSource (8.11.0.0.0):
    - Google-Mobile-Ads-SDK (~> 12.0)
    - IronSourceSDK (= 8.11.0.0)
  - GoogleMobileAdsMediationMintegral (7.7.9.1):
    - Google-Mobile-Ads-SDK (~> 12.0)
    - MintegralAdSDK/All (= 7.7.9)
  - GoogleMobileAdsMediationUnity (4.16.1.0):
    - Google-Mobile-Ads-SDK (~> 12.0)
    - UnityAds (= 4.16.1)
  - GoogleMobileAdsMediationVungle (7.5.3.0):
    - Google-Mobile-Ads-SDK (~> 12.0)
    - VungleAds (= 7.5.3)
  - GoogleUserMessagingPlatform (3.0.0)
  - InMobiSDK (10.8.6)
  - IronSourceAdQualitySDK (7.26.2)
  - IronSourceSDK (8.11.0.0):
    - IronSourceSDK/AdQuality (= 8.11.0.0)
    - IronSourceSDK/Ads (= 8.11.0.0)
  - IronSourceSDK/AdQuality (8.11.0.0):
    - IronSourceAdQualitySDK (~> 7.26.1)
  - IronSourceSDK/Ads (8.11.0.0)
  - MintegralAdSDK/All (7.7.9):
    - MintegralAdSDK/BannerAd
    - MintegralAdSDK/BidNativeAd
    - MintegralAdSDK/InterstitialVideoAd
    - MintegralAdSDK/NativeAd
    - MintegralAdSDK/NativeAdvancedAd
    - MintegralAdSDK/NewInterstitialAd
    - MintegralAdSDK/RewardVideoAd
    - MintegralAdSDK/SplashAd
  - MintegralAdSDK/BannerAd (7.7.9):
    - MintegralAdSDK/NativeAd
  - MintegralAdSDK/BidNativeAd (7.7.9):
    - MintegralAdSDK/NativeAd
  - MintegralAdSDK/InterstitialVideoAd (7.7.9):
    - MintegralAdSDK/NativeAd
  - MintegralAdSDK/NativeAd (7.7.9)
  - MintegralAdSDK/NativeAdvancedAd (7.7.9):
    - MintegralAdSDK/NativeAd
  - MintegralAdSDK/NewInterstitialAd (7.7.9):
    - MintegralAdSDK/InterstitialVideoAd
    - MintegralAdSDK/NativeAd
  - MintegralAdSDK/RewardVideoAd (7.7.9):
    - MintegralAdSDK/NativeAd
  - MintegralAdSDK/SplashAd (7.7.9):
    - MintegralAdSDK/NativeAd
  - UnityAds (4.16.1)
  - VungleAds (7.5.3)

DEPENDENCIES:
  - ChartboostMediationSDK
  - FBAudienceNetwork
  - Google-Mobile-Ads-SDK
  - GoogleMobileAdsMediationChartboost
  - GoogleMobileAdsMediationFacebook
  - GoogleMobileAdsMediationInMobi
  - GoogleMobileAdsMediationIronSource
  - GoogleMobileAdsMediationMintegral
  - GoogleMobileAdsMediationUnity
  - GoogleMobileAdsMediationVungle
  - GoogleUserMessagingPlatform
  - InMobiSDK

SPEC REPOS:
  trunk:
    - ChartboostCoreSDK
    - ChartboostMediationSDK
    - ChartboostSDK
    - FBAudienceNetwork
    - Google-Mobile-Ads-SDK
    - GoogleMobileAdsMediationChartboost
    - GoogleMobileAdsMediationFacebook
    - GoogleMobileAdsMediationInMobi
    - GoogleMobileAdsMediationIronSource
    - GoogleMobileAdsMediationMintegral
    - GoogleMobileAdsMediationUnity
    - GoogleMobileAdsMediationVungle
    - GoogleUserMessagingPlatform
    - InMobiSDK
    - IronSourceAdQualitySDK
    - IronSourceSDK
    - MintegralAdSDK
    - UnityAds
    - VungleAds

SPEC CHECKSUMS:
  ChartboostCoreSDK: 8f551e6d3d2eb58691b8155da9063cad65152860
  ChartboostMediationSDK: 2d4d8891b50aed4ff692baa29c362d0e463dd82e
  ChartboostSDK: b145b4671df894755be0f7811b3e69a912cecbdc
  FBAudienceNetwork: 08e86d63a05b3a5a59414af12e4af8d756943c80
  Google-Mobile-Ads-SDK: b833c723759e32bbaf06edaaf2293f08ed898232
  GoogleMobileAdsMediationChartboost: f90e498c749990717dcdc848a4747729c0869577
  GoogleMobileAdsMediationFacebook: b11a92ae3bfdae19853b882252b7e62791c18162
  GoogleMobileAdsMediationInMobi: 1b9a223c4626924777d2be734e43da5d85fa8a59
  GoogleMobileAdsMediationIronSource: 38f21bbcf729b208e63f43b757b61b2c8e0c7ad4
  GoogleMobileAdsMediationMintegral: 850a80c9cda83b28a12b0bcff690cd7daaaa14a4
  GoogleMobileAdsMediationUnity: 9e788d0fc5517623ff1321c5896608c808d66099
  GoogleMobileAdsMediationVungle: 15b78a22329c5893234bd9702f11b250b8a0b5fa
  GoogleUserMessagingPlatform: f8d0cdad3ca835406755d0a69aa634f00e76d576
  InMobiSDK: a6e7bfbecb698c83183f42c5a3cfa1ac52f16bff
  IronSourceAdQualitySDK: 03888a0ac60e1f24ff6277672c3184f00813af64
  IronSourceSDK: 32eeb199f608b590112a8263028a485e50f8d1b7
  MintegralAdSDK: 054814f99bb7e967b8974fe635d9005b225cbe42
  UnityAds: 24cb6536614958aefcd5a44576eb4f3157c781d0
  VungleAds: 3b273eba0219680dbef90d51e690d165422702d9

PODFILE CHECKSUM: 311aa06157bb61cc2a0f7414d22dc64ac201c818

COCOAPODS: 1.16.2
