PODS:
  - ChartboostCoreSDK (1.0.0)
  - ChartboostMediationSDK (5.2.0):
    - ChartboostCoreSDK (~> 1.0)
  - ChartboostSDK (9.8.0)
  - FBAudienceNetwork (6.16.0)
  - Google-Mobile-Ads-SDK (11.13.0):
    - GoogleUserMessagingPlatform (>= 1.1)
  - GoogleMobileAdsMediationChartboost (9.8.0.0):
    - ChartboostSDK (= 9.8.0)
    - Google-Mobile-Ads-SDK (~> 11.0)
  - GoogleMobileAdsMediationFacebook (6.16.0.0):
    - FBAudienceNetwork (= 6.16.0)
    - Google-Mobile-Ads-SDK (~> 11.0)
  - GoogleMobileAdsMediationInMobi (10.8.0.0):
    - Google-Mobile-Ads-SDK (~> 11.0)
    - InMobiSDK (= 10.8.0)
  - GoogleMobileAdsMediationIronSource (8.6.0.0.0):
    - Google-Mobile-Ads-SDK (~> 11.0)
    - IronSourceSDK (= 8.6.0.0)
  - GoogleMobileAdsMediationUnity (4.12.5.0):
    - Google-Mobile-Ads-SDK (~> 11.0)
    - UnityAds (= 4.12.5)
  - GoogleMobileAdsMediationVungle (7.4.4.0):
    - Google-Mobile-Ads-SDK (~> 11.0)
    - VungleAds (= 7.4.4)
  - GoogleUserMessagingPlatform (2.7.0)
  - InMobiSDK (10.8.0)
  - IronSourceSDK (8.6.0.0)
  - UnityAds (4.12.5)
  - VungleAds (7.4.4)

DEPENDENCIES:
  - ChartboostMediationSDK
  - FBAudienceNetwork
  - Google-Mobile-Ads-SDK
  - GoogleMobileAdsMediationChartboost
  - GoogleMobileAdsMediationFacebook
  - GoogleMobileAdsMediationInMobi
  - GoogleMobileAdsMediationIronSource
  - GoogleMobileAdsMediationUnity
  - GoogleMobileAdsMediationVungle
  - GoogleUserMessagingPlatform
  - InMobiSDK

SPEC REPOS:
  trunk:
    - ChartboostCoreSDK
    - ChartboostMediationSDK
    - ChartboostSDK
    - FBAudienceNetwork
    - Google-Mobile-Ads-SDK
    - GoogleMobileAdsMediationChartboost
    - GoogleMobileAdsMediationFacebook
    - GoogleMobileAdsMediationInMobi
    - GoogleMobileAdsMediationIronSource
    - GoogleMobileAdsMediationUnity
    - GoogleMobileAdsMediationVungle
    - GoogleUserMessagingPlatform
    - InMobiSDK
    - IronSourceSDK
    - UnityAds
    - VungleAds

SPEC CHECKSUMS:
  ChartboostCoreSDK: 8f551e6d3d2eb58691b8155da9063cad65152860
  ChartboostMediationSDK: 9d6fc0d92be7da6956ba3e98a871c92abc42aad6
  ChartboostSDK: f8422957daa675fa4a0bb9f159144b3b59ef5c27
  FBAudienceNetwork: d1670939884e3a2e0ad98dca98d7e0c841417228
  Google-Mobile-Ads-SDK: 14f57f2dc33532a24db288897e26494640810407
  GoogleMobileAdsMediationChartboost: b6815e7b1ce697b08d752cef1cb24248f3598f75
  GoogleMobileAdsMediationFacebook: 234b9cecc2f9c751567a71d035974c00e6803777
  GoogleMobileAdsMediationInMobi: 1c09a0189c485bba2b3edc9ab0e062b9a716929f
  GoogleMobileAdsMediationIronSource: af89c2857a63733cd0e0738dc33c1d948081ed11
  GoogleMobileAdsMediationUnity: 165112fe327da66a772f445775dbe968b45c31ef
  GoogleMobileAdsMediationVungle: d090c301d492c458986c447972808c8d9efc1439
  GoogleUserMessagingPlatform: a8b56893477f67212fbc8411c139e61d463349f5
  InMobiSDK: 0cfb1a1eb5112fa0236ae1fab549e31fb96c9566
  IronSourceSDK: ae03a5aef5cc17a9868540aa409098e9614dfd48
  UnityAds: a4036ed911b4df2227d8137f4f777fcb86c4a2df
  VungleAds: 7ceb822f20a6619d8d9ed6a616dacd8cc5b05036

PODFILE CHECKSUM: b22a677a7cf828da386ef475c4e05b657fbe9c33

COCOAPODS: 1.16.2
