// !$*UTF8*$!
{
	archiveVersion = 1;
	classes = {
	};
	objectVersion = 77;
	objects = {

/* Begin PBXBuildFile section */
		89E5D361A833FBD007E95BCA /* Pods_Gamoitsani.framework in Frameworks */ = {isa = PBXBuildFile; fileRef = 33F1C5CBF005030EAF45E784 /* Pods_Gamoitsani.framework */; };
		924A62BE6EB988DF780416F5 /* Foundation.framework in Frameworks */ = {isa = PBXBuildFile; fileRef = 89FF8B6C753C6F444A7BABEA /* Foundation.framework */; };
/* End PBXBuildFile section */

/* Begin PBXFileReference section */
		07465998325E61C4C8A4B2EC /* Pods-Gamoitsani-GamoitsaniUITests.release.xcconfig */ = {isa = PBXFileReference; includeInIndex = 1; lastKnownFileType = text.xcconfig; name = "Pods-Gamoitsani-GamoitsaniUITests.release.xcconfig"; path = "Target Support Files/Pods-Gamoitsani-GamoitsaniUITests/Pods-Gamoitsani-GamoitsaniUITests.release.xcconfig"; sourceTree = "<group>"; };
		0ED1415795F78EC52C53201B /* Pods-GamoitsaniTests.debug.xcconfig */ = {isa = PBXFileReference; includeInIndex = 1; lastKnownFileType = text.xcconfig; name = "Pods-GamoitsaniTests.debug.xcconfig"; path = "Target Support Files/Pods-GamoitsaniTests/Pods-GamoitsaniTests.debug.xcconfig"; sourceTree = "<group>"; };
		0ED6CAF7DFCF6D389E027034 /* Pods-Gamoitsani-GamoitsaniUITests.debug.xcconfig */ = {isa = PBXFileReference; includeInIndex = 1; lastKnownFileType = text.xcconfig; name = "Pods-Gamoitsani-GamoitsaniUITests.debug.xcconfig"; path = "Target Support Files/Pods-Gamoitsani-GamoitsaniUITests/Pods-Gamoitsani-GamoitsaniUITests.debug.xcconfig"; sourceTree = "<group>"; };
		15021D7C46D4DA69DAB50747 /* Pods_Gamoitsani_GamoitsaniUITests.framework */ = {isa = PBXFileReference; explicitFileType = wrapper.framework; includeInIndex = 0; path = Pods_Gamoitsani_GamoitsaniUITests.framework; sourceTree = BUILT_PRODUCTS_DIR; };
		2A4F39F1DAD4AF7CEB36AE68 /* Pods-Gamoitsani.debug.xcconfig */ = {isa = PBXFileReference; includeInIndex = 1; lastKnownFileType = text.xcconfig; name = "Pods-Gamoitsani.debug.xcconfig"; path = "Target Support Files/Pods-Gamoitsani/Pods-Gamoitsani.debug.xcconfig"; sourceTree = "<group>"; };
		33F1C5CBF005030EAF45E784 /* Pods_Gamoitsani.framework */ = {isa = PBXFileReference; explicitFileType = wrapper.framework; includeInIndex = 0; path = Pods_Gamoitsani.framework; sourceTree = BUILT_PRODUCTS_DIR; };
		3BDE67BC9BFB90A79983B10D /* Gamoitsani.app */ = {isa = PBXFileReference; explicitFileType = wrapper.application; includeInIndex = 0; path = Gamoitsani.app; sourceTree = BUILT_PRODUCTS_DIR; };
		89FF8B6C753C6F444A7BABEA /* Foundation.framework */ = {isa = PBXFileReference; lastKnownFileType = wrapper.framework; name = Foundation.framework; path = Platforms/iPhoneOS.platform/Developer/SDKs/iPhoneOS18.0.sdk/System/Library/Frameworks/Foundation.framework; sourceTree = DEVELOPER_DIR; };
		A8591DBC756783B37A1C2C05 /* Pods_GamoitsaniTests.framework */ = {isa = PBXFileReference; explicitFileType = wrapper.framework; includeInIndex = 0; path = Pods_GamoitsaniTests.framework; sourceTree = BUILT_PRODUCTS_DIR; };
		B7F70DD013A2EADFAFEC8746 /* Pods-GamoitsaniTests.release.xcconfig */ = {isa = PBXFileReference; includeInIndex = 1; lastKnownFileType = text.xcconfig; name = "Pods-GamoitsaniTests.release.xcconfig"; path = "Target Support Files/Pods-GamoitsaniTests/Pods-GamoitsaniTests.release.xcconfig"; sourceTree = "<group>"; };
		F0E7AC92C1E2C28737A902C9 /* Pods-Gamoitsani.release.xcconfig */ = {isa = PBXFileReference; includeInIndex = 1; lastKnownFileType = text.xcconfig; name = "Pods-Gamoitsani.release.xcconfig"; path = "Target Support Files/Pods-Gamoitsani/Pods-Gamoitsani.release.xcconfig"; sourceTree = "<group>"; };
		FF4D9D252BD698620046819D /* Gamoitsani.app */ = {isa = PBXFileReference; explicitFileType = wrapper.application; includeInIndex = 0; path = Gamoitsani.app; sourceTree = BUILT_PRODUCTS_DIR; };
		FF4D9D3E2BD698630046819D /* GamoitsaniTests.xctest */ = {isa = PBXFileReference; explicitFileType = wrapper.cfbundle; includeInIndex = 0; path = GamoitsaniTests.xctest; sourceTree = BUILT_PRODUCTS_DIR; };
		FF4D9D482BD698630046819D /* GamoitsaniUITests.xctest */ = {isa = PBXFileReference; explicitFileType = wrapper.cfbundle; includeInIndex = 0; path = GamoitsaniUITests.xctest; sourceTree = BUILT_PRODUCTS_DIR; };
		FF61A0B92D861158006ACEA3 /* GamoitsaniMacros */ = {isa = PBXFileReference; lastKnownFileType = wrapper; path = GamoitsaniMacros; sourceTree = "<group>"; };
		FF8675762C680E1D0089B52B /* StoreKit.framework */ = {isa = PBXFileReference; lastKnownFileType = wrapper.framework; name = StoreKit.framework; path = System/Library/Frameworks/StoreKit.framework; sourceTree = SDKROOT; };
		FFC7949B2E45D30F0061E5F0 /* ReplayKit.framework */ = {isa = PBXFileReference; lastKnownFileType = wrapper.framework; name = ReplayKit.framework; path = System/Library/Frameworks/ReplayKit.framework; sourceTree = SDKROOT; };
/* End PBXFileReference section */

/* Begin PBXFileSystemSynchronizedBuildFileExceptionSet section */
		05E3D31AD3AEF54B9F9DD60C /* Exceptions for "Gamoitsani" folder in "Gamoitsani" target */ = {
			isa = PBXFileSystemSynchronizedBuildFileExceptionSet;
			membershipExceptions = (
				Info.plist,
				Config.xcconfig,
				Config.xcconfig.template,
				Gamoitsani.storekit,
			);
			target = 1AD6974620CF18984E0130F9 /* Gamoitsani */;
		};
/* End PBXFileSystemSynchronizedBuildFileExceptionSet section */

/* Begin PBXFileSystemSynchronizedRootGroup section */
		40165E3036256CF0365B4597 /* Gamoitsani */ = {
			isa = PBXFileSystemSynchronizedRootGroup;
			exceptions = (
				05E3D31AD3AEF54B9F9DD60C /* Exceptions for "Gamoitsani" folder in "Gamoitsani" target */,
			);
			path = Gamoitsani;
			sourceTree = "<group>";
		};
/* End PBXFileSystemSynchronizedRootGroup section */

/* Begin PBXFrameworksBuildPhase section */
		F957277388173C8102615F4B /* Frameworks */ = {
			isa = PBXFrameworksBuildPhase;
			buildActionMask = 2147483647;
			files = (
				924A62BE6EB988DF780416F5 /* Foundation.framework in Frameworks */,
				89E5D361A833FBD007E95BCA /* Pods_Gamoitsani.framework in Frameworks */,
			);
			runOnlyForDeploymentPostprocessing = 0;
		};
/* End PBXFrameworksBuildPhase section */

/* Begin PBXGroup section */
		080C9A0323049673DB476C6E /* Pods */ = {
			isa = PBXGroup;
			children = (
				2A4F39F1DAD4AF7CEB36AE68 /* Pods-Gamoitsani.debug.xcconfig */,
				F0E7AC92C1E2C28737A902C9 /* Pods-Gamoitsani.release.xcconfig */,
				0ED6CAF7DFCF6D389E027034 /* Pods-Gamoitsani-GamoitsaniUITests.debug.xcconfig */,
				07465998325E61C4C8A4B2EC /* Pods-Gamoitsani-GamoitsaniUITests.release.xcconfig */,
				0ED1415795F78EC52C53201B /* Pods-GamoitsaniTests.debug.xcconfig */,
				B7F70DD013A2EADFAFEC8746 /* Pods-GamoitsaniTests.release.xcconfig */,
			);
			path = Pods;
			sourceTree = "<group>";
		};
		72DB47A2861A52B979C77B73 /* iOS */ = {
			isa = PBXGroup;
			children = (
				89FF8B6C753C6F444A7BABEA /* Foundation.framework */,
			);
			name = iOS;
			sourceTree = "<group>";
		};
		FF4D9D1C2BD698620046819D = {
			isa = PBXGroup;
			children = (
				FF61A0B82D8610D2006ACEA3 /* Libraries */,
				FF4D9D262BD698620046819D /* Products */,
				FFF65CD02BE6B2F3008E0352 /* Frameworks */,
				080C9A0323049673DB476C6E /* Pods */,
				40165E3036256CF0365B4597 /* Gamoitsani */,
			);
			sourceTree = "<group>";
		};
		FF4D9D262BD698620046819D /* Products */ = {
			isa = PBXGroup;
			children = (
				FF4D9D252BD698620046819D /* Gamoitsani.app */,
				FF4D9D3E2BD698630046819D /* GamoitsaniTests.xctest */,
				FF4D9D482BD698630046819D /* GamoitsaniUITests.xctest */,
				3BDE67BC9BFB90A79983B10D /* Gamoitsani.app */,
			);
			name = Products;
			sourceTree = "<group>";
		};
		FF61A0B72D8610D2006ACEA3 /* Packages */ = {
			isa = PBXGroup;
			children = (
				FF61A0B92D861158006ACEA3 /* GamoitsaniMacros */,
			);
			path = Packages;
			sourceTree = "<group>";
		};
		FF61A0B82D8610D2006ACEA3 /* Libraries */ = {
			isa = PBXGroup;
			children = (
				FF61A0B72D8610D2006ACEA3 /* Packages */,
			);
			path = Libraries;
			sourceTree = "<group>";
		};
		FFF65CD02BE6B2F3008E0352 /* Frameworks */ = {
			isa = PBXGroup;
			children = (
				FFC7949B2E45D30F0061E5F0 /* ReplayKit.framework */,
				FF8675762C680E1D0089B52B /* StoreKit.framework */,
				33F1C5CBF005030EAF45E784 /* Pods_Gamoitsani.framework */,
				15021D7C46D4DA69DAB50747 /* Pods_Gamoitsani_GamoitsaniUITests.framework */,
				A8591DBC756783B37A1C2C05 /* Pods_GamoitsaniTests.framework */,
				72DB47A2861A52B979C77B73 /* iOS */,
			);
			name = Frameworks;
			sourceTree = "<group>";
		};
/* End PBXGroup section */

/* Begin PBXNativeTarget section */
		1AD6974620CF18984E0130F9 /* Gamoitsani */ = {
			isa = PBXNativeTarget;
			buildConfigurationList = FD3DB2C474005E5C2533BE77 /* Build configuration list for PBXNativeTarget "Gamoitsani" */;
			buildPhases = (
				6DCD02E18A2D225DCCA205F2 /* [CP] Check Pods Manifest.lock */,
				4C010BD51A76218F0F2E0E1E /* Sources */,
				F957277388173C8102615F4B /* Frameworks */,
				7E7A4627570C1922525CDA88 /* Resources */,
				EEF231BBD5D0464EEFB75AF9 /* [CP] Copy Pods Resources */,
			);
			buildRules = (
			);
			dependencies = (
			);
			fileSystemSynchronizedGroups = (
				40165E3036256CF0365B4597 /* Gamoitsani */,
			);
			name = Gamoitsani;
			packageProductDependencies = (
				9A24C52E5DAD4FCEDB822263 /* GamoitsaniCore */,
				2669DB926C70FF6C738D1496 /* GamoitsaniEngine */,
				A11A51F8839515E8561ACE3A /* GamoitsaniDesign */,
				FFC2987BFBE335DA22BCD85F /* GamoitsaniData */,
				A8C33842198817BC40CD0A2A /* GamoitsaniL10n */,
				FAADB19BDB8AAFEB53C2961B /* GamoitsaniAds */,
				2A6974AB30BD41528AB90EBA /* GamoitsaniCapture */,
			);
			productName = Gamoitsani;
			productReference = 3BDE67BC9BFB90A79983B10D /* Gamoitsani.app */;
			productType = "com.apple.product-type.application";
		};
/* End PBXNativeTarget section */

/* Begin PBXProject section */
		FF4D9D1D2BD698620046819D /* Project object */ = {
			isa = PBXProject;
			attributes = {
				BuildIndependentTargetsInParallel = 1;
				LastSwiftUpdateCheck = 1500;
				LastUpgradeCheck = 1600;
				ORGANIZATIONNAME = "Daviti Khvedelidze";
				TargetAttributes = {
					FF4D9D242BD698620046819D = {
						CreatedOnToolsVersion = 15.0.1;
					};
					FF4D9D3D2BD698630046819D = {
						CreatedOnToolsVersion = 15.0.1;
						LastSwiftMigration = 1540;
						TestTargetID = FF4D9D242BD698620046819D;
					};
					FF4D9D472BD698630046819D = {
						CreatedOnToolsVersion = 15.0.1;
						TestTargetID = FF4D9D242BD698620046819D;
					};
				};
			};
			buildConfigurationList = FF4D9D202BD698620046819D /* Build configuration list for PBXProject "Gamoitsani" */;
			compatibilityVersion = "Xcode 16.0";
			developmentRegion = en;
			hasScannedForEncodings = 0;
			knownRegions = (
				en,
				ka,
				Base,
				uk,
				tr,
				hy,
				az,
				de,
				es,
				fr,
				ja,
				ru,
			);
			mainGroup = FF4D9D1C2BD698620046819D;
			packageReferences = (
				23072511E8200C3340164847 /* XCLocalSwiftPackageReference "GamoitsaniCore" */,
				F2E45B80498A6B3104F17A42 /* XCLocalSwiftPackageReference "GamoitsaniEngine" */,
				0E26D0EB59CA1BFF4CF9A227 /* XCLocalSwiftPackageReference "GamoitsaniDesign" */,
				BF8A57540562EF2EA1DF14BE /* XCLocalSwiftPackageReference "GamoitsaniData" */,
				6D303C750A733B228CFE80F1 /* XCLocalSwiftPackageReference "GamoitsaniL10n" */,
				88EF648DF6C7BC09CDC82BE3 /* XCLocalSwiftPackageReference "GamoitsaniAds" */,
				3B90C751DC1E499B9137D268 /* XCLocalSwiftPackageReference "GamoitsaniCapture" */,
			);
			productRefGroup = FF4D9D262BD698620046819D /* Products */;
			projectDirPath = "";
			projectRoot = "";
			targets = (
				1AD6974620CF18984E0130F9 /* Gamoitsani */,
			);
		};
/* End PBXProject section */

/* Begin PBXResourcesBuildPhase section */
		7E7A4627570C1922525CDA88 /* Resources */ = {
			isa = PBXResourcesBuildPhase;
			buildActionMask = 2147483647;
			files = (
			);
			runOnlyForDeploymentPostprocessing = 0;
		};
/* End PBXResourcesBuildPhase section */

/* Begin PBXShellScriptBuildPhase section */
		6DCD02E18A2D225DCCA205F2 /* [CP] Check Pods Manifest.lock */ = {
			isa = PBXShellScriptBuildPhase;
			buildActionMask = 2147483647;
			files = (
			);
			inputFileListPaths = (
			);
			inputPaths = (
				"${PODS_PODFILE_DIR_PATH}/Podfile.lock",
				"${PODS_ROOT}/Manifest.lock",
			);
			name = "[CP] Check Pods Manifest.lock";
			outputFileListPaths = (
			);
			outputPaths = (
				"$(DERIVED_FILE_DIR)/Pods-Gamoitsani-checkManifestLockResult.txt",
			);
			runOnlyForDeploymentPostprocessing = 0;
			shellPath = /bin/sh;
			shellScript = "diff \"${PODS_PODFILE_DIR_PATH}/Podfile.lock\" \"${PODS_ROOT}/Manifest.lock\" > /dev/null\nif [ $? != 0 ] ; then\n    # print error to STDERR\n    echo \"error: The sandbox is not in sync with the Podfile.lock. Run 'pod install' or update your CocoaPods installation.\" >&2\n    exit 1\nfi\n# This output is used by Xcode 'outputs' to avoid re-running this script phase.\necho \"SUCCESS\" > \"${SCRIPT_OUTPUT_FILE_0}\"\n";
			showEnvVarsInLog = 0;
		};
		EEF231BBD5D0464EEFB75AF9 /* [CP] Copy Pods Resources */ = {
			isa = PBXShellScriptBuildPhase;
			buildActionMask = 2147483647;
			files = (
			);
			inputFileListPaths = (
				"${PODS_ROOT}/Target Support Files/Pods-Gamoitsani/Pods-Gamoitsani-resources-${CONFIGURATION}-input-files.xcfilelist",
			);
			name = "[CP] Copy Pods Resources";
			outputFileListPaths = (
				"${PODS_ROOT}/Target Support Files/Pods-Gamoitsani/Pods-Gamoitsani-resources-${CONFIGURATION}-output-files.xcfilelist",
			);
			runOnlyForDeploymentPostprocessing = 0;
			shellPath = /bin/sh;
			shellScript = "\"${PODS_ROOT}/Target Support Files/Pods-Gamoitsani/Pods-Gamoitsani-resources.sh\"\n";
			showEnvVarsInLog = 0;
		};
/* End PBXShellScriptBuildPhase section */

/* Begin PBXSourcesBuildPhase section */
		4C010BD51A76218F0F2E0E1E /* Sources */ = {
			isa = PBXSourcesBuildPhase;
			buildActionMask = 2147483647;
			files = (
			);
			runOnlyForDeploymentPostprocessing = 0;
		};
/* End PBXSourcesBuildPhase section */

/* Begin XCBuildConfiguration section */
		1944C757AF62697EA56CB162 /* Release */ = {
			isa = XCBuildConfiguration;
			baseConfigurationReference = F0E7AC92C1E2C28737A902C9 /* Pods-Gamoitsani.release.xcconfig */;
			buildSettings = {
				ASSETCATALOG_COMPILER_APPICON_NAME = AppIcon;
				ASSETCATALOG_COMPILER_GLOBAL_ACCENT_COLOR_NAME = AccentColor;
				CLANG_ENABLE_OBJC_WEAK = NO;
				CODE_SIGN_STYLE = Automatic;
				DEVELOPMENT_TEAM = V9DL6T6A4K;
				ENABLE_PREVIEWS = YES;
				GENERATE_INFOPLIST_FILE = YES;
				INFOPLIST_FILE = Gamoitsani/Info.plist;
				INFOPLIST_KEY_CFBundleDisplayName = Gamoitsani;
				INFOPLIST_KEY_UISupportedInterfaceOrientations_iPad = "UIInterfaceOrientationPortrait UIInterfaceOrientationPortraitUpsideDown";
				INFOPLIST_KEY_UISupportedInterfaceOrientations_iPhone = UIInterfaceOrientationPortrait;
				IPHONEOS_DEPLOYMENT_TARGET = 18.0;
				LD_RUNPATH_SEARCH_PATHS = (
					"$(inherited)",
					"@executable_path/Frameworks",
				);
				PRODUCT_BUNDLE_IDENTIFIER = davitikhvedelidze.Gamoitsani;
				PRODUCT_NAME = Gamoitsani;
				SDKROOT = iphoneos;
				SWIFT_STRICT_CONCURRENCY = complete;
				SWIFT_UPCOMING_FEATURE_CONCURRENCY = YES;
				SWIFT_VERSION = 6.0;
				TARGETED_DEVICE_FAMILY = "1,2";
				VALIDATE_PRODUCT = YES;
			};
			name = Release;
		};
		86E9E9C4771250CC07B5BEF9 /* Debug */ = {
			isa = XCBuildConfiguration;
			baseConfigurationReference = 2A4F39F1DAD4AF7CEB36AE68 /* Pods-Gamoitsani.debug.xcconfig */;
			buildSettings = {
				ASSETCATALOG_COMPILER_APPICON_NAME = AppIcon;
				ASSETCATALOG_COMPILER_GLOBAL_ACCENT_COLOR_NAME = AccentColor;
				CLANG_ENABLE_OBJC_WEAK = NO;
				CODE_SIGN_STYLE = Automatic;
				DEVELOPMENT_TEAM = V9DL6T6A4K;
				ENABLE_PREVIEWS = YES;
				GENERATE_INFOPLIST_FILE = YES;
				INFOPLIST_FILE = Gamoitsani/Info.plist;
				INFOPLIST_KEY_CFBundleDisplayName = Gamoitsani;
				INFOPLIST_KEY_UISupportedInterfaceOrientations_iPad = "UIInterfaceOrientationPortrait UIInterfaceOrientationPortraitUpsideDown";
				INFOPLIST_KEY_UISupportedInterfaceOrientations_iPhone = UIInterfaceOrientationPortrait;
				IPHONEOS_DEPLOYMENT_TARGET = 18.0;
				LD_RUNPATH_SEARCH_PATHS = (
					"$(inherited)",
					"@executable_path/Frameworks",
				);
				PRODUCT_BUNDLE_IDENTIFIER = davitikhvedelidze.Gamoitsani;
				PRODUCT_NAME = Gamoitsani;
				SDKROOT = iphoneos;
				SWIFT_STRICT_CONCURRENCY = complete;
				SWIFT_UPCOMING_FEATURE_CONCURRENCY = YES;
				SWIFT_VERSION = 6.0;
				TARGETED_DEVICE_FAMILY = "1,2";
			};
			name = Debug;
		};
		FF4D9D502BD698630046819D /* Debug */ = {
			isa = XCBuildConfiguration;
			buildSettings = {
				ALWAYS_SEARCH_USER_PATHS = NO;
				ASSETCATALOG_COMPILER_GENERATE_SWIFT_ASSET_SYMBOL_EXTENSIONS = YES;
				ASSETCATALOG_COMPILER_GLOBAL_ACCENT_COLOR_NAME = "";
				ASSETCATALOG_WARNINGS = NO;
				CLANG_ANALYZER_LOCALIZABILITY_NONLOCALIZED = YES;
				CLANG_ANALYZER_NONNULL = YES;
				CLANG_ANALYZER_NUMBER_OBJECT_CONVERSION = YES_AGGRESSIVE;
				CLANG_CXX_LANGUAGE_STANDARD = "gnu++20";
				CLANG_ENABLE_MODULES = YES;
				CLANG_ENABLE_OBJC_ARC = YES;
				CLANG_ENABLE_OBJC_WEAK = YES;
				CLANG_WARN_BLOCK_CAPTURE_AUTORELEASING = YES;
				CLANG_WARN_BOOL_CONVERSION = YES;
				CLANG_WARN_COMMA = YES;
				CLANG_WARN_CONSTANT_CONVERSION = YES;
				CLANG_WARN_DEPRECATED_OBJC_IMPLEMENTATIONS = YES;
				CLANG_WARN_DIRECT_OBJC_ISA_USAGE = YES_ERROR;
				CLANG_WARN_DOCUMENTATION_COMMENTS = YES;
				CLANG_WARN_EMPTY_BODY = YES;
				CLANG_WARN_ENUM_CONVERSION = YES;
				CLANG_WARN_INFINITE_RECURSION = YES;
				CLANG_WARN_INT_CONVERSION = YES;
				CLANG_WARN_NON_LITERAL_NULL_CONVERSION = YES;
				CLANG_WARN_OBJC_IMPLICIT_RETAIN_SELF = YES;
				CLANG_WARN_OBJC_LITERAL_CONVERSION = YES;
				CLANG_WARN_OBJC_ROOT_CLASS = YES_ERROR;
				CLANG_WARN_QUOTED_INCLUDE_IN_FRAMEWORK_HEADER = YES;
				CLANG_WARN_RANGE_LOOP_ANALYSIS = YES;
				CLANG_WARN_STRICT_PROTOTYPES = YES;
				CLANG_WARN_SUSPICIOUS_MOVE = YES;
				CLANG_WARN_UNGUARDED_AVAILABILITY = YES_AGGRESSIVE;
				CLANG_WARN_UNREACHABLE_CODE = YES;
				CLANG_WARN__DUPLICATE_METHOD_MATCH = YES;
				COPY_PHASE_STRIP = NO;
				DEBUG_INFORMATION_FORMAT = dwarf;
				ENABLE_MODULE_VERIFIER = YES;
				ENABLE_STRICT_OBJC_MSGSEND = YES;
				ENABLE_TESTABILITY = YES;
				ENABLE_USER_SCRIPT_SANDBOXING = NO;
				GCC_C_LANGUAGE_STANDARD = gnu17;
				GCC_DYNAMIC_NO_PIC = NO;
				GCC_NO_COMMON_BLOCKS = YES;
				GCC_OPTIMIZATION_LEVEL = 0;
				GCC_PREPROCESSOR_DEFINITIONS = (
					"DEBUG=1",
					"$(inherited)",
				);
				GCC_WARN_64_TO_32_BIT_CONVERSION = YES;
				GCC_WARN_ABOUT_RETURN_TYPE = YES_ERROR;
				GCC_WARN_UNDECLARED_SELECTOR = YES;
				GCC_WARN_UNINITIALIZED_AUTOS = YES_AGGRESSIVE;
				GCC_WARN_UNUSED_FUNCTION = YES;
				GCC_WARN_UNUSED_VARIABLE = YES;
				IPHONEOS_DEPLOYMENT_TARGET = 16.0;
				LOCALIZATION_PREFERS_STRING_CATALOGS = YES;
				MTL_ENABLE_DEBUG_INFO = INCLUDE_SOURCE;
				MTL_FAST_MATH = YES;
				ONLY_ACTIVE_ARCH = YES;
				SDKROOT = iphoneos;
				SWIFT_ACTIVE_COMPILATION_CONDITIONS = "DEBUG $(inherited)";
				SWIFT_EMIT_LOC_STRINGS = YES;
				SWIFT_OPTIMIZATION_LEVEL = "-Onone";
			};
			name = Debug;
		};
		FF4D9D512BD698630046819D /* Release */ = {
			isa = XCBuildConfiguration;
			buildSettings = {
				ALWAYS_SEARCH_USER_PATHS = NO;
				ASSETCATALOG_COMPILER_GENERATE_SWIFT_ASSET_SYMBOL_EXTENSIONS = YES;
				ASSETCATALOG_COMPILER_GLOBAL_ACCENT_COLOR_NAME = "";
				ASSETCATALOG_WARNINGS = NO;
				CLANG_ANALYZER_LOCALIZABILITY_NONLOCALIZED = YES;
				CLANG_ANALYZER_NONNULL = YES;
				CLANG_ANALYZER_NUMBER_OBJECT_CONVERSION = YES_AGGRESSIVE;
				CLANG_CXX_LANGUAGE_STANDARD = "gnu++20";
				CLANG_ENABLE_MODULES = YES;
				CLANG_ENABLE_OBJC_ARC = YES;
				CLANG_ENABLE_OBJC_WEAK = YES;
				CLANG_WARN_BLOCK_CAPTURE_AUTORELEASING = YES;
				CLANG_WARN_BOOL_CONVERSION = YES;
				CLANG_WARN_COMMA = YES;
				CLANG_WARN_CONSTANT_CONVERSION = YES;
				CLANG_WARN_DEPRECATED_OBJC_IMPLEMENTATIONS = YES;
				CLANG_WARN_DIRECT_OBJC_ISA_USAGE = YES_ERROR;
				CLANG_WARN_DOCUMENTATION_COMMENTS = YES;
				CLANG_WARN_EMPTY_BODY = YES;
				CLANG_WARN_ENUM_CONVERSION = YES;
				CLANG_WARN_INFINITE_RECURSION = YES;
				CLANG_WARN_INT_CONVERSION = YES;
				CLANG_WARN_NON_LITERAL_NULL_CONVERSION = YES;
				CLANG_WARN_OBJC_IMPLICIT_RETAIN_SELF = YES;
				CLANG_WARN_OBJC_LITERAL_CONVERSION = YES;
				CLANG_WARN_OBJC_ROOT_CLASS = YES_ERROR;
				CLANG_WARN_QUOTED_INCLUDE_IN_FRAMEWORK_HEADER = YES;
				CLANG_WARN_RANGE_LOOP_ANALYSIS = YES;
				CLANG_WARN_STRICT_PROTOTYPES = YES;
				CLANG_WARN_SUSPICIOUS_MOVE = YES;
				CLANG_WARN_UNGUARDED_AVAILABILITY = YES_AGGRESSIVE;
				CLANG_WARN_UNREACHABLE_CODE = YES;
				CLANG_WARN__DUPLICATE_METHOD_MATCH = YES;
				COPY_PHASE_STRIP = YES;
				DEAD_CODE_STRIPPING = YES;
				DEBUG_INFORMATION_FORMAT = "dwarf-with-dsym";
				ENABLE_MODULE_VERIFIER = YES;
				ENABLE_NS_ASSERTIONS = NO;
				ENABLE_STRICT_OBJC_MSGSEND = YES;
				ENABLE_USER_SCRIPT_SANDBOXING = NO;
				GCC_C_LANGUAGE_STANDARD = gnu17;
				GCC_NO_COMMON_BLOCKS = YES;
				GCC_WARN_64_TO_32_BIT_CONVERSION = YES;
				GCC_WARN_ABOUT_RETURN_TYPE = YES_ERROR;
				GCC_WARN_UNDECLARED_SELECTOR = YES;
				GCC_WARN_UNINITIALIZED_AUTOS = YES_AGGRESSIVE;
				GCC_WARN_UNUSED_FUNCTION = YES;
				GCC_WARN_UNUSED_VARIABLE = YES;
				IPHONEOS_DEPLOYMENT_TARGET = 16.0;
				LOCALIZATION_PREFERS_STRING_CATALOGS = YES;
				MTL_ENABLE_DEBUG_INFO = NO;
				MTL_FAST_MATH = YES;
				SDKROOT = iphoneos;
				SWIFT_COMPILATION_MODE = wholemodule;
				SWIFT_EMIT_LOC_STRINGS = YES;
				VALIDATE_PRODUCT = YES;
			};
			name = Release;
		};
/* End XCBuildConfiguration section */

/* Begin XCConfigurationList section */
		FD3DB2C474005E5C2533BE77 /* Build configuration list for PBXNativeTarget "Gamoitsani" */ = {
			isa = XCConfigurationList;
			buildConfigurations = (
				1944C757AF62697EA56CB162 /* Release */,
				86E9E9C4771250CC07B5BEF9 /* Debug */,
			);
			defaultConfigurationIsVisible = 0;
			defaultConfigurationName = Release;
		};
		FF4D9D202BD698620046819D /* Build configuration list for PBXProject "Gamoitsani" */ = {
			isa = XCConfigurationList;
			buildConfigurations = (
				FF4D9D502BD698630046819D /* Debug */,
				FF4D9D512BD698630046819D /* Release */,
			);
			defaultConfigurationIsVisible = 0;
			defaultConfigurationName = Release;
		};
/* End XCConfigurationList section */

/* Begin XCLocalSwiftPackageReference section */
		0E26D0EB59CA1BFF4CF9A227 /* XCLocalSwiftPackageReference "GamoitsaniDesign" */ = {
			isa = XCLocalSwiftPackageReference;
			relativePath = Libraries/Packages/GamoitsaniDesign;
		};
		23072511E8200C3340164847 /* XCLocalSwiftPackageReference "GamoitsaniCore" */ = {
			isa = XCLocalSwiftPackageReference;
			relativePath = Libraries/Packages/GamoitsaniCore;
		};
		3B90C751DC1E499B9137D268 /* XCLocalSwiftPackageReference "GamoitsaniCapture" */ = {
			isa = XCLocalSwiftPackageReference;
			relativePath = Libraries/Packages/GamoitsaniCapture;
		};
		6D303C750A733B228CFE80F1 /* XCLocalSwiftPackageReference "GamoitsaniL10n" */ = {
			isa = XCLocalSwiftPackageReference;
			relativePath = Libraries/Packages/GamoitsaniL10n;
		};
		88EF648DF6C7BC09CDC82BE3 /* XCLocalSwiftPackageReference "GamoitsaniAds" */ = {
			isa = XCLocalSwiftPackageReference;
			relativePath = Libraries/Packages/GamoitsaniAds;
		};
		BF8A57540562EF2EA1DF14BE /* XCLocalSwiftPackageReference "GamoitsaniData" */ = {
			isa = XCLocalSwiftPackageReference;
			relativePath = Libraries/Packages/GamoitsaniData;
		};
		F2E45B80498A6B3104F17A42 /* XCLocalSwiftPackageReference "GamoitsaniEngine" */ = {
			isa = XCLocalSwiftPackageReference;
			relativePath = Libraries/Packages/GamoitsaniEngine;
		};
/* End XCLocalSwiftPackageReference section */

/* Begin XCSwiftPackageProductDependency section */
		2669DB926C70FF6C738D1496 /* GamoitsaniEngine */ = {
			isa = XCSwiftPackageProductDependency;
			productName = GamoitsaniEngine;
		};
		2A6974AB30BD41528AB90EBA /* GamoitsaniCapture */ = {
			isa = XCSwiftPackageProductDependency;
			productName = GamoitsaniCapture;
		};
		9A24C52E5DAD4FCEDB822263 /* GamoitsaniCore */ = {
			isa = XCSwiftPackageProductDependency;
			productName = GamoitsaniCore;
		};
		A11A51F8839515E8561ACE3A /* GamoitsaniDesign */ = {
			isa = XCSwiftPackageProductDependency;
			productName = GamoitsaniDesign;
		};
		A8C33842198817BC40CD0A2A /* GamoitsaniL10n */ = {
			isa = XCSwiftPackageProductDependency;
			productName = GamoitsaniL10n;
		};
		FAADB19BDB8AAFEB53C2961B /* GamoitsaniAds */ = {
			isa = XCSwiftPackageProductDependency;
			productName = GamoitsaniAds;
		};
		FFC2987BFBE335DA22BCD85F /* GamoitsaniData */ = {
			isa = XCSwiftPackageProductDependency;
			productName = GamoitsaniData;
		};
/* End XCSwiftPackageProductDependency section */
	};
	rootObject = FF4D9D1D2BD698620046819D /* Project object */;
}
