// !$*UTF8*$!
{
	archiveVersion = 1;
	classes = {
	};
	objectVersion = 56;
	objects = {

/* Begin PBXBuildFile section */
		FF0294E22A5752FB000F7217 /* GamoitsaniApp.swift in Sources */ = {isa = PBXBuildFile; fileRef = FF0294E12A5752FB000F7217 /* GamoitsaniApp.swift */; };
		FF0294E42A5752FB000F7217 /* MainView.swift in Sources */ = {isa = PBXBuildFile; fileRef = FF0294E32A5752FB000F7217 /* MainView.swift */; };
		FF0294E62A5752FC000F7217 /* Assets.xcassets in Resources */ = {isa = PBXBuildFile; fileRef = FF0294E52A5752FC000F7217 /* Assets.xcassets */; };
		FF0294E92A5752FC000F7217 /* Preview Assets.xcassets in Resources */ = {isa = PBXBuildFile; fileRef = FF0294E82A5752FC000F7217 /* Preview Assets.xcassets */; };
		FF0294F02A5754A4000F7217 /* bpg_nino_mtavruli_bold.ttf in Resources */ = {isa = PBXBuildFile; fileRef = FF0294EF2A5754A4000F7217 /* bpg_nino_mtavruli_bold.ttf */; };
		FF0294F52A575590000F7217 /* CustomButton.swift in Sources */ = {isa = PBXBuildFile; fileRef = FF0294F42A575590000F7217 /* CustomButton.swift */; };
/* End PBXBuildFile section */

/* Begin PBXFileReference section */
		FF0294DE2A5752FB000F7217 /* Gamoitsani.app */ = {isa = PBXFileReference; explicitFileType = wrapper.application; includeInIndex = 0; path = Gamoitsani.app; sourceTree = BUILT_PRODUCTS_DIR; };
		FF0294E12A5752FB000F7217 /* GamoitsaniApp.swift */ = {isa = PBXFileReference; lastKnownFileType = sourcecode.swift; path = GamoitsaniApp.swift; sourceTree = "<group>"; };
		FF0294E32A5752FB000F7217 /* MainView.swift */ = {isa = PBXFileReference; lastKnownFileType = sourcecode.swift; path = MainView.swift; sourceTree = "<group>"; };
		FF0294E52A5752FC000F7217 /* Assets.xcassets */ = {isa = PBXFileReference; lastKnownFileType = folder.assetcatalog; path = Assets.xcassets; sourceTree = "<group>"; };
		FF0294E82A5752FC000F7217 /* Preview Assets.xcassets */ = {isa = PBXFileReference; lastKnownFileType = folder.assetcatalog; path = "Preview Assets.xcassets"; sourceTree = "<group>"; };
		FF0294EF2A5754A4000F7217 /* bpg_nino_mtavruli_bold.ttf */ = {isa = PBXFileReference; lastKnownFileType = file; path = bpg_nino_mtavruli_bold.ttf; sourceTree = "<group>"; };
		FF0294F22A5754C2000F7217 /* Info.plist */ = {isa = PBXFileReference; lastKnownFileType = text.plist.xml; path = Info.plist; sourceTree = "<group>"; };
		FF0294F42A575590000F7217 /* CustomButton.swift */ = {isa = PBXFileReference; lastKnownFileType = sourcecode.swift; path = CustomButton.swift; sourceTree = "<group>"; };
/* End PBXFileReference section */

/* Begin PBXFrameworksBuildPhase section */
		FF0294DB2A5752FB000F7217 /* Frameworks */ = {
			isa = PBXFrameworksBuildPhase;
			buildActionMask = 2147483647;
			files = (
			);
			runOnlyForDeploymentPostprocessing = 0;
		};
/* End PBXFrameworksBuildPhase section */

/* Begin PBXGroup section */
		FF0294D52A5752FB000F7217 = {
			isa = PBXGroup;
			children = (
				FF0294E02A5752FB000F7217 /* Gamoitsani */,
				FF0294DF2A5752FB000F7217 /* Products */,
			);
			sourceTree = "<group>";
		};
		FF0294DF2A5752FB000F7217 /* Products */ = {
			isa = PBXGroup;
			children = (
				FF0294DE2A5752FB000F7217 /* Gamoitsani.app */,
			);
			name = Products;
			sourceTree = "<group>";
		};
		FF0294E02A5752FB000F7217 /* Gamoitsani */ = {
			isa = PBXGroup;
			children = (
				FF0294E12A5752FB000F7217 /* GamoitsaniApp.swift */,
				FF0294E32A5752FB000F7217 /* MainView.swift */,
				FF0294F32A57557B000F7217 /* Views */,
				FF0294F82A575623000F7217 /* Models */,
				FF0294F62A575602000F7217 /* Resources */,
			);
			path = Gamoitsani;
			sourceTree = "<group>";
		};
		FF0294F12A5754B1000F7217 /* Fonts */ = {
			isa = PBXGroup;
			children = (
				FF0294EF2A5754A4000F7217 /* bpg_nino_mtavruli_bold.ttf */,
			);
			path = Fonts;
			sourceTree = "<group>";
		};
		FF0294F32A57557B000F7217 /* Views */ = {
			isa = PBXGroup;
			children = (
				FF0294F42A575590000F7217 /* CustomButton.swift */,
			);
			path = Views;
			sourceTree = "<group>";
		};
		FF0294F62A575602000F7217 /* Resources */ = {
			isa = PBXGroup;
			children = (
				FF0294E82A5752FC000F7217 /* Preview Assets.xcassets */,
				FF0294E52A5752FC000F7217 /* Assets.xcassets */,
				FF0294F22A5754C2000F7217 /* Info.plist */,
				FF0294F12A5754B1000F7217 /* Fonts */,
			);
			path = Resources;
			sourceTree = "<group>";
		};
		FF0294F82A575623000F7217 /* Models */ = {
			isa = PBXGroup;
			children = (
			);
			path = Models;
			sourceTree = "<group>";
		};
/* End PBXGroup section */

/* Begin PBXNativeTarget section */
		FF0294DD2A5752FB000F7217 /* Gamoitsani */ = {
			isa = PBXNativeTarget;
			buildConfigurationList = FF0294EC2A5752FC000F7217 /* Build configuration list for PBXNativeTarget "Gamoitsani" */;
			buildPhases = (
				FF0294DA2A5752FB000F7217 /* Sources */,
				FF0294DB2A5752FB000F7217 /* Frameworks */,
				FF0294DC2A5752FB000F7217 /* Resources */,
			);
			buildRules = (
			);
			dependencies = (
			);
			name = Gamoitsani;
			productName = Gamoitsani;
			productReference = FF0294DE2A5752FB000F7217 /* Gamoitsani.app */;
			productType = "com.apple.product-type.application";
		};
/* End PBXNativeTarget section */

/* Begin PBXProject section */
		FF0294D62A5752FB000F7217 /* Project object */ = {
			isa = PBXProject;
			attributes = {
				BuildIndependentTargetsInParallel = 1;
				LastSwiftUpdateCheck = 1430;
				LastUpgradeCheck = 1430;
				TargetAttributes = {
					FF0294DD2A5752FB000F7217 = {
						CreatedOnToolsVersion = 14.3;
					};
				};
			};
			buildConfigurationList = FF0294D92A5752FB000F7217 /* Build configuration list for PBXProject "Gamoitsani" */;
			compatibilityVersion = "Xcode 14.0";
			developmentRegion = en;
			hasScannedForEncodings = 0;
			knownRegions = (
				en,
				Base,
			);
			mainGroup = FF0294D52A5752FB000F7217;
			productRefGroup = FF0294DF2A5752FB000F7217 /* Products */;
			projectDirPath = "";
			projectRoot = "";
			targets = (
				FF0294DD2A5752FB000F7217 /* Gamoitsani */,
			);
		};
/* End PBXProject section */

/* Begin PBXResourcesBuildPhase section */
		FF0294DC2A5752FB000F7217 /* Resources */ = {
			isa = PBXResourcesBuildPhase;
			buildActionMask = 2147483647;
			files = (
				FF0294E92A5752FC000F7217 /* Preview Assets.xcassets in Resources */,
				FF0294E62A5752FC000F7217 /* Assets.xcassets in Resources */,
				FF0294F02A5754A4000F7217 /* bpg_nino_mtavruli_bold.ttf in Resources */,
			);
			runOnlyForDeploymentPostprocessing = 0;
		};
/* End PBXResourcesBuildPhase section */

/* Begin PBXSourcesBuildPhase section */
		FF0294DA2A5752FB000F7217 /* Sources */ = {
			isa = PBXSourcesBuildPhase;
			buildActionMask = 2147483647;
			files = (
				FF0294E42A5752FB000F7217 /* MainView.swift in Sources */,
				FF0294F52A575590000F7217 /* CustomButton.swift in Sources */,
				FF0294E22A5752FB000F7217 /* GamoitsaniApp.swift in Sources */,
			);
			runOnlyForDeploymentPostprocessing = 0;
		};
/* End PBXSourcesBuildPhase section */

/* Begin XCBuildConfiguration section */
		FF0294EA2A5752FC000F7217 /* Debug */ = {
			isa = XCBuildConfiguration;
			buildSettings = {
				ALWAYS_SEARCH_USER_PATHS = NO;
				CLANG_ANALYZER_NONNULL = YES;
				CLANG_ANALYZER_NUMBER_OBJECT_CONVERSION = YES_AGGRESSIVE;
				CLANG_CXX_LANGUAGE_STANDARD = "gnu++20";
				CLANG_ENABLE_MODULES = YES;
				CLANG_ENABLE_OBJC_ARC = YES;
				CLANG_ENABLE_OBJC_WEAK = YES;
				CLANG_WARN_BLOCK_CAPTURE_AUTORELEASING = YES;
				CLANG_WARN_BOOL_CONVERSION = YES;
				CLANG_WARN_COMMA = YES;
				CLANG_WARN_CONSTANT_CONVERSION = YES;
				CLANG_WARN_DEPRECATED_OBJC_IMPLEMENTATIONS = YES;
				CLANG_WARN_DIRECT_OBJC_ISA_USAGE = YES_ERROR;
				CLANG_WARN_DOCUMENTATION_COMMENTS = YES;
				CLANG_WARN_EMPTY_BODY = YES;
				CLANG_WARN_ENUM_CONVERSION = YES;
				CLANG_WARN_INFINITE_RECURSION = YES;
				CLANG_WARN_INT_CONVERSION = YES;
				CLANG_WARN_NON_LITERAL_NULL_CONVERSION = YES;
				CLANG_WARN_OBJC_IMPLICIT_RETAIN_SELF = YES;
				CLANG_WARN_OBJC_LITERAL_CONVERSION = YES;
				CLANG_WARN_OBJC_ROOT_CLASS = YES_ERROR;
				CLANG_WARN_QUOTED_INCLUDE_IN_FRAMEWORK_HEADER = YES;
				CLANG_WARN_RANGE_LOOP_ANALYSIS = YES;
				CLANG_WARN_STRICT_PROTOTYPES = YES;
				CLANG_WARN_SUSPICIOUS_MOVE = YES;
				CLANG_WARN_UNGUARDED_AVAILABILITY = YES_AGGRESSIVE;
				CLANG_WARN_UNREACHABLE_CODE = YES;
				CLANG_WARN__DUPLICATE_METHOD_MATCH = YES;
				COPY_PHASE_STRIP = NO;
				DEBUG_INFORMATION_FORMAT = dwarf;
				ENABLE_STRICT_OBJC_MSGSEND = YES;
				ENABLE_TESTABILITY = YES;
				GCC_C_LANGUAGE_STANDARD = gnu11;
				GCC_DYNAMIC_NO_PIC = NO;
				GCC_NO_COMMON_BLOCKS = YES;
				GCC_OPTIMIZATION_LEVEL = 0;
				GCC_PREPROCESSOR_DEFINITIONS = (
					"DEBUG=1",
					"$(inherited)",
				);
				GCC_WARN_64_TO_32_BIT_CONVERSION = YES;
				GCC_WARN_ABOUT_RETURN_TYPE = YES_ERROR;
				GCC_WARN_UNDECLARED_SELECTOR = YES;
				GCC_WARN_UNINITIALIZED_AUTOS = YES_AGGRESSIVE;
				GCC_WARN_UNUSED_FUNCTION = YES;
				GCC_WARN_UNUSED_VARIABLE = YES;
				IPHONEOS_DEPLOYMENT_TARGET = 16.4;
				MTL_ENABLE_DEBUG_INFO = INCLUDE_SOURCE;
				MTL_FAST_MATH = YES;
				ONLY_ACTIVE_ARCH = YES;
				SDKROOT = iphoneos;
				SWIFT_ACTIVE_COMPILATION_CONDITIONS = DEBUG;
				SWIFT_OPTIMIZATION_LEVEL = "-Onone";
			};
			name = Debug;
		};
		FF0294EB2A5752FC000F7217 /* Release */ = {
			isa = XCBuildConfiguration;
			buildSettings = {
				ALWAYS_SEARCH_USER_PATHS = NO;
				CLANG_ANALYZER_NONNULL = YES;
				CLANG_ANALYZER_NUMBER_OBJECT_CONVERSION = YES_AGGRESSIVE;
				CLANG_CXX_LANGUAGE_STANDARD = "gnu++20";
				CLANG_ENABLE_MODULES = YES;
				CLANG_ENABLE_OBJC_ARC = YES;
				CLANG_ENABLE_OBJC_WEAK = YES;
				CLANG_WARN_BLOCK_CAPTURE_AUTORELEASING = YES;
				CLANG_WARN_BOOL_CONVERSION = YES;
				CLANG_WARN_COMMA = YES;
				CLANG_WARN_CONSTANT_CONVERSION = YES;
				CLANG_WARN_DEPRECATED_OBJC_IMPLEMENTATIONS = YES;
				CLANG_WARN_DIRECT_OBJC_ISA_USAGE = YES_ERROR;
				CLANG_WARN_DOCUMENTATION_COMMENTS = YES;
				CLANG_WARN_EMPTY_BODY = YES;
				CLANG_WARN_ENUM_CONVERSION = YES;
				CLANG_WARN_INFINITE_RECURSION = YES;
				CLANG_WARN_INT_CONVERSION = YES;
				CLANG_WARN_NON_LITERAL_NULL_CONVERSION = YES;
				CLANG_WARN_OBJC_IMPLICIT_RETAIN_SELF = YES;
				CLANG_WARN_OBJC_LITERAL_CONVERSION = YES;
				CLANG_WARN_OBJC_ROOT_CLASS = YES_ERROR;
				CLANG_WARN_QUOTED_INCLUDE_IN_FRAMEWORK_HEADER = YES;
				CLANG_WARN_RANGE_LOOP_ANALYSIS = YES;
				CLANG_WARN_STRICT_PROTOTYPES = YES;
				CLANG_WARN_SUSPICIOUS_MOVE = YES;
				CLANG_WARN_UNGUARDED_AVAILABILITY = YES_AGGRESSIVE;
				CLANG_WARN_UNREACHABLE_CODE = YES;
				CLANG_WARN__DUPLICATE_METHOD_MATCH = YES;
				COPY_PHASE_STRIP = NO;
				DEBUG_INFORMATION_FORMAT = "dwarf-with-dsym";
				ENABLE_NS_ASSERTIONS = NO;
				ENABLE_STRICT_OBJC_MSGSEND = YES;
				GCC_C_LANGUAGE_STANDARD = gnu11;
				GCC_NO_COMMON_BLOCKS = YES;
				GCC_WARN_64_TO_32_BIT_CONVERSION = YES;
				GCC_WARN_ABOUT_RETURN_TYPE = YES_ERROR;
				GCC_WARN_UNDECLARED_SELECTOR = YES;
				GCC_WARN_UNINITIALIZED_AUTOS = YES_AGGRESSIVE;
				GCC_WARN_UNUSED_FUNCTION = YES;
				GCC_WARN_UNUSED_VARIABLE = YES;
				IPHONEOS_DEPLOYMENT_TARGET = 16.4;
				MTL_ENABLE_DEBUG_INFO = NO;
				MTL_FAST_MATH = YES;
				SDKROOT = iphoneos;
				SWIFT_COMPILATION_MODE = wholemodule;
				SWIFT_OPTIMIZATION_LEVEL = "-O";
				VALIDATE_PRODUCT = YES;
			};
			name = Release;
		};
		FF0294ED2A5752FC000F7217 /* Debug */ = {
			isa = XCBuildConfiguration;
			buildSettings = {
				ASSETCATALOG_COMPILER_APPICON_NAME = AppIcon;
				ASSETCATALOG_COMPILER_GLOBAL_ACCENT_COLOR_NAME = AccentColor;
				CODE_SIGN_STYLE = Automatic;
				CURRENT_PROJECT_VERSION = 1;
				DEVELOPMENT_ASSET_PATHS = "\"Gamoitsani/Resources\"";
				DEVELOPMENT_TEAM = V9DL6T6A4K;
				ENABLE_PREVIEWS = YES;
				GENERATE_INFOPLIST_FILE = YES;
				INFOPLIST_FILE = Gamoitsani/Resources/Info.plist;
				INFOPLIST_KEY_UIApplicationSceneManifest_Generation = YES;
				INFOPLIST_KEY_UIApplicationSupportsIndirectInputEvents = YES;
				INFOPLIST_KEY_UILaunchScreen_Generation = YES;
				INFOPLIST_KEY_UISupportedInterfaceOrientations_iPad = "UIInterfaceOrientationPortrait UIInterfaceOrientationPortraitUpsideDown UIInterfaceOrientationLandscapeLeft UIInterfaceOrientationLandscapeRight";
				INFOPLIST_KEY_UISupportedInterfaceOrientations_iPhone = "UIInterfaceOrientationPortrait UIInterfaceOrientationLandscapeLeft UIInterfaceOrientationLandscapeRight";
				LD_RUNPATH_SEARCH_PATHS = (
					"$(inherited)",
					"@executable_path/Frameworks",
				);
				MARKETING_VERSION = 1.0;
				PRODUCT_BUNDLE_IDENTIFIER = davitikhvedelidze.Gamoitsanii;
				PRODUCT_NAME = "$(TARGET_NAME)";
				SWIFT_EMIT_LOC_STRINGS = YES;
				SWIFT_VERSION = 5.0;
				TARGETED_DEVICE_FAMILY = "1,2";
			};
			name = Debug;
		};
		FF0294EE2A5752FC000F7217 /* Release */ = {
			isa = XCBuildConfiguration;
			buildSettings = {
				ASSETCATALOG_COMPILER_APPICON_NAME = AppIcon;
				ASSETCATALOG_COMPILER_GLOBAL_ACCENT_COLOR_NAME = AccentColor;
				CODE_SIGN_STYLE = Automatic;
				CURRENT_PROJECT_VERSION = 1;
				DEVELOPMENT_ASSET_PATHS = "\"Gamoitsani/Resources\"";
				DEVELOPMENT_TEAM = V9DL6T6A4K;
				ENABLE_PREVIEWS = YES;
				GENERATE_INFOPLIST_FILE = YES;
				INFOPLIST_FILE = Gamoitsani/Resources/Info.plist;
				INFOPLIST_KEY_UIApplicationSceneManifest_Generation = YES;
				INFOPLIST_KEY_UIApplicationSupportsIndirectInputEvents = YES;
				INFOPLIST_KEY_UILaunchScreen_Generation = YES;
				INFOPLIST_KEY_UISupportedInterfaceOrientations_iPad = "UIInterfaceOrientationPortrait UIInterfaceOrientationPortraitUpsideDown UIInterfaceOrientationLandscapeLeft UIInterfaceOrientationLandscapeRight";
				INFOPLIST_KEY_UISupportedInterfaceOrientations_iPhone = "UIInterfaceOrientationPortrait UIInterfaceOrientationLandscapeLeft UIInterfaceOrientationLandscapeRight";
				LD_RUNPATH_SEARCH_PATHS = (
					"$(inherited)",
					"@executable_path/Frameworks",
				);
				MARKETING_VERSION = 1.0;
				PRODUCT_BUNDLE_IDENTIFIER = davitikhvedelidze.Gamoitsanii;
				PRODUCT_NAME = "$(TARGET_NAME)";
				SWIFT_EMIT_LOC_STRINGS = YES;
				SWIFT_VERSION = 5.0;
				TARGETED_DEVICE_FAMILY = "1,2";
			};
			name = Release;
		};
/* End XCBuildConfiguration section */

/* Begin XCConfigurationList section */
		FF0294D92A5752FB000F7217 /* Build configuration list for PBXProject "Gamoitsani" */ = {
			isa = XCConfigurationList;
			buildConfigurations = (
				FF0294EA2A5752FC000F7217 /* Debug */,
				FF0294EB2A5752FC000F7217 /* Release */,
			);
			defaultConfigurationIsVisible = 0;
			defaultConfigurationName = Release;
		};
		FF0294EC2A5752FC000F7217 /* Build configuration list for PBXNativeTarget "Gamoitsani" */ = {
			isa = XCConfigurationList;
			buildConfigurations = (
				FF0294ED2A5752FC000F7217 /* Debug */,
				FF0294EE2A5752FC000F7217 /* Release */,
			);
			defaultConfigurationIsVisible = 0;
			defaultConfigurationName = Release;
		};
/* End XCConfigurationList section */
	};
	rootObject = FF0294D62A5752FB000F7217 /* Project object */;
}
